// !$*UTF8*$!
{
	archiveVersion = 1;
	classes = {
	};
	objectVersion = 46;
	objects = {

/* Begin PBXBuildFile section */
		D7F78FD11BCD0ED10016B3B5 /* CoreBluetooth.framework in Frameworks */ = {isa = PBXBuildFile; fileRef = D7F78FD01BCD0ED10016B3B5 /* CoreBluetooth.framework */; };
		D7F78FD31BCD0ED90016B3B5 /* AppKit.framework in Frameworks */ = {isa = PBXBuildFile; fileRef = D7F78FD21BCD0ED90016B3B5 /* AppKit.framework */; };
		D7F78FE11BCD1C600016B3B5 /* iOSBluetoothLE.mm in Sources */ = {isa = PBXBuildFile; fileRef = D7F78FE01BCD1C600016B3B5 /* iOSBluetoothLE.mm */; settings = {ASSET_TAGS = (); }; };
/* End PBXBuildFile section */

/* Begin PBXFileReference section */
		D7F78FC71BCD0EB20016B3B5 /* OSXPlugin.bundle */ = {isa = PBXFileReference; explicitFileType = wrapper.cfbundle; includeInIndex = 0; path = OSXPlugin.bundle; sourceTree = BUILT_PRODUCTS_DIR; };
		D7F78FCA1BCD0EB20016B3B5 /* Info.plist */ = {isa = PBXFileReference; lastKnownFileType = text.plist.xml; path = Info.plist; sourceTree = "<group>"; };
		D7F78FD01BCD0ED10016B3B5 /* CoreBluetooth.framework */ = {isa = PBXFileReference; lastKnownFileType = wrapper.framework; name = CoreBluetooth.framework; path = System/Library/Frameworks/CoreBluetooth.framework; sourceTree = SDKROOT; };
		D7F78FD21BCD0ED90016B3B5 /* AppKit.framework */ = {isa = PBXFileReference; lastKnownFileType = wrapper.framework; name = AppKit.framework; path = System/Library/Frameworks/AppKit.framework; sourceTree = SDKROOT; };
		D7F78FDF1BCD1C600016B3B5 /* iOSBluetoothLE.h */ = {isa = PBXFileReference; fileEncoding = 4; lastKnownFileType = sourcecode.c.h; name = iOSBluetoothLE.h; path = ../../Assets/RoboPlusManager/Plugins/iOS/iOSBluetoothLE.h; sourceTree = "<group>"; };
		D7F78FE01BCD1C600016B3B5 /* iOSBluetoothLE.mm */ = {isa = PBXFileReference; fileEncoding = 4; lastKnownFileType = sourcecode.cpp.objcpp; name = iOSBluetoothLE.mm; path = ../../Assets/RoboPlusManager/Plugins/iOS/iOSBluetoothLE.mm; sourceTree = "<group>"; };
/* End PBXFileReference section */

/* Begin PBXFrameworksBuildPhase section */
		D7F78FC41BCD0EB20016B3B5 /* Frameworks */ = {
			isa = PBXFrameworksBuildPhase;
			buildActionMask = 2147483647;
			files = (
				D7F78FD31BCD0ED90016B3B5 /* AppKit.framework in Frameworks */,
				D7F78FD11BCD0ED10016B3B5 /* CoreBluetooth.framework in Frameworks */,
			);
			runOnlyForDeploymentPostprocessing = 0;
		};
/* End PBXFrameworksBuildPhase section */

/* Begin PBXGroup section */
		D7F78FBE1BCD0EB20016B3B5 = {
			isa = PBXGroup;
			children = (
				D7F78FD21BCD0ED90016B3B5 /* AppKit.framework */,
				D7F78FD01BCD0ED10016B3B5 /* CoreBluetooth.framework */,
				D7F78FC91BCD0EB20016B3B5 /* OSXPlugin */,
				D7F78FC81BCD0EB20016B3B5 /* Products */,
			);
			sourceTree = "<group>";
		};
		D7F78FC81BCD0EB20016B3B5 /* Products */ = {
			isa = PBXGroup;
			children = (
				D7F78FC71BCD0EB20016B3B5 /* OSXPlugin.bundle */,
			);
			name = Products;
			sourceTree = "<group>";
		};
		D7F78FC91BCD0EB20016B3B5 /* OSXPlugin */ = {
			isa = PBXGroup;
			children = (
				D7F78FDF1BCD1C600016B3B5 /* iOSBluetoothLE.h */,
				D7F78FE01BCD1C600016B3B5 /* iOSBluetoothLE.mm */,
				D7F78FCA1BCD0EB20016B3B5 /* Info.plist */,
			);
			path = OSXPlugin;
			sourceTree = "<group>";
		};
/* End PBXGroup section */

/* Begin PBXNativeTarget section */
		D7F78FC61BCD0EB20016B3B5 /* OSXPlugin */ = {
			isa = PBXNativeTarget;
			buildConfigurationList = D7F78FCD1BCD0EB20016B3B5 /* Build configuration list for PBXNativeTarget "OSXPlugin" */;
			buildPhases = (
				D7F78FC31BCD0EB20016B3B5 /* Sources */,
				D7F78FC41BCD0EB20016B3B5 /* Frameworks */,
				D7F78FC51BCD0EB20016B3B5 /* Resources */,
			);
			buildRules = (
			);
			dependencies = (
			);
			name = OSXPlugin;
			productName = OSXPlugin;
			productReference = D7F78FC71BCD0EB20016B3B5 /* OSXPlugin.bundle */;
			productType = "com.apple.product-type.bundle";
		};
/* End PBXNativeTarget section */

/* Begin PBXProject section */
		D7F78FBF1BCD0EB20016B3B5 /* Project object */ = {
			isa = PBXProject;
			attributes = {
				LastUpgradeCheck = 0700;
				ORGANIZATIONNAME = smartmaker;
				TargetAttributes = {
					D7F78FC61BCD0EB20016B3B5 = {
						CreatedOnToolsVersion = 7.0.1;
					};
				};
			};
			buildConfigurationList = D7F78FC21BCD0EB20016B3B5 /* Build configuration list for PBXProject "OSXPlugin" */;
			compatibilityVersion = "Xcode 3.2";
			developmentRegion = English;
			hasScannedForEncodings = 0;
			knownRegions = (
				en,
			);
			mainGroup = D7F78FBE1BCD0EB20016B3B5;
			productRefGroup = D7F78FC81BCD0EB20016B3B5 /* Products */;
			projectDirPath = "";
			projectRoot = "";
			targets = (
				D7F78FC61BCD0EB20016B3B5 /* OSXPlugin */,
			);
		};
/* End PBXProject section */

/* Begin PBXResourcesBuildPhase section */
		D7F78FC51BCD0EB20016B3B5 /* Resources */ = {
			isa = PBXResourcesBuildPhase;
			buildActionMask = 2147483647;
			files = (
			);
			runOnlyForDeploymentPostprocessing = 0;
		};
/* End PBXResourcesBuildPhase section */

/* Begin PBXSourcesBuildPhase section */
		D7F78FC31BCD0EB20016B3B5 /* Sources */ = {
			isa = PBXSourcesBuildPhase;
			buildActionMask = 2147483647;
			files = (
				D7F78FE11BCD1C600016B3B5 /* iOSBluetoothLE.mm in Sources */,
			);
			runOnlyForDeploymentPostprocessing = 0;
		};
/* End PBXSourcesBuildPhase section */

/* Begin XCBuildConfiguration section */
		D7F78FCB1BCD0EB20016B3B5 /* Debug */ = {
			isa = XCBuildConfiguration;
			buildSettings = {
				ALWAYS_SEARCH_USER_PATHS = NO;
				CLANG_CXX_LANGUAGE_STANDARD = "gnu++0x";
				CLANG_CXX_LIBRARY = "libc++";
				CLANG_ENABLE_MODULES = YES;
				CLANG_ENABLE_OBJC_ARC = YES;
				CLANG_WARN_BOOL_CONVERSION = YES;
				CLANG_WARN_CONSTANT_CONVERSION = YES;
				CLANG_WARN_DIRECT_OBJC_ISA_USAGE = YES_ERROR;
				CLANG_WARN_EMPTY_BODY = YES;
				CLANG_WARN_ENUM_CONVERSION = YES;
				CLANG_WARN_INT_CONVERSION = YES;
				CLANG_WARN_OBJC_ROOT_CLASS = YES_ERROR;
				CLANG_WARN_UNREACHABLE_CODE = YES;
				CLANG_WARN__DUPLICATE_METHOD_MATCH = YES;
				COPY_PHASE_STRIP = NO;
				DEBUG_INFORMATION_FORMAT = dwarf;
				ENABLE_STRICT_OBJC_MSGSEND = YES;
				ENABLE_TESTABILITY = YES;
				GCC_C_LANGUAGE_STANDARD = gnu99;
				GCC_DYNAMIC_NO_PIC = NO;
				GCC_NO_COMMON_BLOCKS = YES;
				GCC_OPTIMIZATION_LEVEL = 0;
				GCC_PREPROCESSOR_DEFINITIONS = (
					"DEBUG=1",
					"$(inherited)",
				);
				GCC_WARN_64_TO_32_BIT_CONVERSION = YES;
				GCC_WARN_ABOUT_RETURN_TYPE = YES_ERROR;
				GCC_WARN_UNDECLARED_SELECTOR = YES;
				GCC_WARN_UNINITIALIZED_AUTOS = YES_AGGRESSIVE;
				GCC_WARN_UNUSED_FUNCTION = YES;
				GCC_WARN_UNUSED_VARIABLE = YES;
				MACOSX_DEPLOYMENT_TARGET = 10.10;
				MTL_ENABLE_DEBUG_INFO = YES;
				ONLY_ACTIVE_ARCH = YES;
				SDKROOT = macosx;
			};
			name = Debug;
		};
		D7F78FCC1BCD0EB20016B3B5 /* Release */ = {
			isa = XCBuildConfiguration;
			buildSettings = {
				ALWAYS_SEARCH_USER_PATHS = NO;
				CLANG_CXX_LANGUAGE_STANDARD = "gnu++0x";
				CLANG_CXX_LIBRARY = "libc++";
				CLANG_ENABLE_MODULES = YES;
				CLANG_ENABLE_OBJC_ARC = YES;
				CLANG_WARN_BOOL_CONVERSION = YES;
				CLANG_WARN_CONSTANT_CONVERSION = YES;
				CLANG_WARN_DIRECT_OBJC_ISA_USAGE = YES_ERROR;
				CLANG_WARN_EMPTY_BODY = YES;
				CLANG_WARN_ENUM_CONVERSION = YES;
				CLANG_WARN_INT_CONVERSION = YES;
				CLANG_WARN_OBJC_ROOT_CLASS = YES_ERROR;
				CLANG_WARN_UNREACHABLE_CODE = YES;
				CLANG_WARN__DUPLICATE_METHOD_MATCH = YES;
				COPY_PHASE_STRIP = NO;
				DEBUG_INFORMATION_FORMAT = "dwarf-with-dsym";
				ENABLE_NS_ASSERTIONS = NO;
				ENABLE_STRICT_OBJC_MSGSEND = YES;
				GCC_C_LANGUAGE_STANDARD = gnu99;
				GCC_NO_COMMON_BLOCKS = YES;
				GCC_WARN_64_TO_32_BIT_CONVERSION = YES;
				GCC_WARN_ABOUT_RETURN_TYPE = YES_ERROR;
				GCC_WARN_UNDECLARED_SELECTOR = YES;
				GCC_WARN_UNINITIALIZED_AUTOS = YES_AGGRESSIVE;
				GCC_WARN_UNUSED_FUNCTION = YES;
				GCC_WARN_UNUSED_VARIABLE = YES;
				MACOSX_DEPLOYMENT_TARGET = 10.10;
				MTL_ENABLE_DEBUG_INFO = NO;
				SDKROOT = macosx;
			};
			name = Release;
		};
		D7F78FCE1BCD0EB20016B3B5 /* Debug */ = {
			isa = XCBuildConfiguration;
			buildSettings = {
				CLANG_ENABLE_OBJC_ARC = NO;
				COMBINE_HIDPI_IMAGES = YES;
				GCC_NO_COMMON_BLOCKS = NO;
				INFOPLIST_FILE = OSXPlugin/Info.plist;
				INSTALL_PATH = "$(LOCAL_LIBRARY_DIR)/Bundles";
				PRODUCT_BUNDLE_IDENTIFIER = com.smartmaker.osx.OSXPlugin;
				PRODUCT_NAME = "$(TARGET_NAME)";
				SKIP_INSTALL = YES;
				WRAPPER_EXTENSION = bundle;
			};
			name = Debug;
		};
		D7F78FCF1BCD0EB20016B3B5 /* Release */ = {
			isa = XCBuildConfiguration;
			buildSettings = {
				CLANG_ENABLE_OBJC_ARC = NO;
				COMBINE_HIDPI_IMAGES = YES;
				GCC_NO_COMMON_BLOCKS = NO;
				INFOPLIST_FILE = OSXPlugin/Info.plist;
				INSTALL_PATH = "$(LOCAL_LIBRARY_DIR)/Bundles";
				PRODUCT_BUNDLE_IDENTIFIER = com.smartmaker.osx.OSXPlugin;
				PRODUCT_NAME = "$(TARGET_NAME)";
				SKIP_INSTALL = YES;
				WRAPPER_EXTENSION = bundle;
			};
			name = Release;
		};
/* End XCBuildConfiguration section */

/* Begin XCConfigurationList section */
		D7F78FC21BCD0EB20016B3B5 /* Build configuration list for PBXProject "OSXPlugin" */ = {
			isa = XCConfigurationList;
			buildConfigurations = (
				D7F78FCB1BCD0EB20016B3B5 /* Debug */,
				D7F78FCC1BCD0EB20016B3B5 /* Release */,
			);
			defaultConfigurationIsVisible = 0;
			defaultConfigurationName = Release;
		};
		D7F78FCD1BCD0EB20016B3B5 /* Build configuration list for PBXNativeTarget "OSXPlugin" */ = {
			isa = XCConfigurationList;
			buildConfigurations = (
				D7F78FCE1BCD0EB20016B3B5 /* Debug */,
				D7F78FCF1BCD0EB20016B3B5 /* Release */,
			);
			defaultConfigurationIsVisible = 0;
			defaultConfigurationName = Release;
		};
/* End XCConfigurationList section */
	};
	rootObject = D7F78FBF1BCD0EB20016B3B5 /* Project object */;
}
